
Microsoft Visual Studio Solution File, Format Version 12.00
# Visual Studio Version 17
VisualStudioVersion = 17.10.35122.118
MinimumVisualStudioVersion = 10.0.40219.1
Project("{FAE04EC0-301F-11D3-BF4B-00C04F79EFBC}") = "PrimeiroProjeto", "PrimeiroProjeto\PrimeiroProjeto.csproj", "{8D2BE826-24FD-4A10-90A6-8C31E27F38CE}"
EndProject
Global
	GlobalSection(SolutionConfigurationPlatforms) = preSolution
		Debug|Any CPU = Debug|Any CPU
		Release|Any CPU = Release|Any CPU
	EndGlobalSection
	GlobalSection(ProjectConfigurationPlatforms) = postSolution
		{8D2BE826-24FD-4A10-90A6-8C31E27F38CE}.Debug|Any CPU.ActiveCfg = Debug|Any CPU
		{8D2BE826-24FD-4A10-90A6-8C31E27F38CE}.Debug|Any CPU.Build.0 = Debug|Any CPU
		{8D2BE826-24FD-4A10-90A6-8C31E27F38CE}.Release|Any CPU.ActiveCfg = Release|Any CPU
		{8D2BE826-24FD-4A10-90A6-8C31E27F38CE}.Release|Any CPU.Build.0 = Release|Any CPU
	EndGlobalSection
	GlobalSection(SolutionProperties) = preSolution
		HideSolutionNode = FALSE
	EndGlobalSection
	GlobalSection(ExtensibilityGlobals) = postSolution
		SolutionGuid = {4DE1357F-3E3D-47D7-B2B4-3D967035D2B5}
	EndGlobalSection
EndGlobal
